// !$*UTF8*$!
{
	archiveVersion = 1;
	classes = {
	};
	objectVersion = 56;
	objects = {

/* Begin PBXBuildFile section */
		AE3DFC662A3BE06F004744CB /* CustomTabBarApp.swift in Sources */ = {isa = PBXBuildFile; fileRef = AE3DFC652A3BE06F004744CB /* CustomTabBarApp.swift */; };
		AE3DFC682A3BE06F004744CB /* ContentView.swift in Sources */ = {isa = PBXBuildFile; fileRef = AE3DFC672A3BE06F004744CB /* ContentView.swift */; };
		AE3DFC6A2A3BE071004744CB /* Assets.xcassets in Resources */ = {isa = PBXBuildFile; fileRef = AE3DFC692A3BE071004744CB /* Assets.xcassets */; };
		AE3DFC6D2A3BE071004744CB /* Preview Assets.xcassets in Resources */ = {isa = PBXBuildFile; fileRef = AE3DFC6C2A3BE071004744CB /* Preview Assets.xcassets */; };
		AE3DFC742A3BE7CB004744CB /* HomeTopNavView.swift in Sources */ = {isa = PBXBuildFile; fileRef = AE3DFC732A3BE7CB004744CB /* HomeTopNavView.swift */; };
		AE3DFC782A3BECC5004744CB /* ServicesView.swift in Sources */ = {isa = PBXBuildFile; fileRef = AE3DFC772A3BECC5004744CB /* ServicesView.swift */; };
		AE3DFC7A2A3BF22B004744CB /* SingleCardView.swift in Sources */ = {isa = PBXBuildFile; fileRef = AE3DFC792A3BF22B004744CB /* SingleCardView.swift */; };
		AE3DFC7C2A3BF512004744CB /* UpComingAppointments.swift in Sources */ = {isa = PBXBuildFile; fileRef = AE3DFC7B2A3BF512004744CB /* UpComingAppointments.swift */; };
		AE3DFC7F2A3BFDF6004744CB /* HomeScreen.swift in Sources */ = {isa = PBXBuildFile; fileRef = AE3DFC7E2A3BFDF6004744CB /* HomeScreen.swift */; };
/* End PBXBuildFile section */

/* Begin PBXFileReference section */
		AE3DFC622A3BE06F004744CB /* CustomTabBar.app */ = {isa = PBXFileReference; explicitFileType = wrapper.application; includeInIndex = 0; path = CustomTabBar.app; sourceTree = BUILT_PRODUCTS_DIR; };
		AE3DFC652A3BE06F004744CB /* CustomTabBarApp.swift */ = {isa = PBXFileReference; lastKnownFileType = sourcecode.swift; path = CustomTabBarApp.swift; sourceTree = "<group>"; };
		AE3DFC672A3BE06F004744CB /* ContentView.swift */ = {isa = PBXFileReference; lastKnownFileType = sourcecode.swift; path = ContentView.swift; sourceTree = "<group>"; };
		AE3DFC692A3BE071004744CB /* Assets.xcassets */ = {isa = PBXFileReference; lastKnownFileType = folder.assetcatalog; path = Assets.xcassets; sourceTree = "<group>"; };
		AE3DFC6C2A3BE071004744CB /* Preview Assets.xcassets */ = {isa = PBXFileReference; lastKnownFileType = folder.assetcatalog; path = "Preview Assets.xcassets"; sourceTree = "<group>"; };
		AE3DFC732A3BE7CB004744CB /* HomeTopNavView.swift */ = {isa = PBXFileReference; lastKnownFileType = sourcecode.swift; path = HomeTopNavView.swift; sourceTree = "<group>"; };
		AE3DFC772A3BECC5004744CB /* ServicesView.swift */ = {isa = PBXFileReference; lastKnownFileType = sourcecode.swift; path = ServicesView.swift; sourceTree = "<group>"; };
		AE3DFC792A3BF22B004744CB /* SingleCardView.swift */ = {isa = PBXFileReference; lastKnownFileType = sourcecode.swift; path = SingleCardView.swift; sourceTree = "<group>"; };
		AE3DFC7B2A3BF512004744CB /* UpComingAppointments.swift */ = {isa = PBXFileReference; lastKnownFileType = sourcecode.swift; path = UpComingAppointments.swift; sourceTree = "<group>"; };
		AE3DFC7E2A3BFDF6004744CB /* HomeScreen.swift */ = {isa = PBXFileReference; lastKnownFileType = sourcecode.swift; path = HomeScreen.swift; sourceTree = "<group>"; };
/* End PBXFileReference section */

/* Begin PBXFrameworksBuildPhase section */
		AE3DFC5F2A3BE06F004744CB /* Frameworks */ = {
			isa = PBXFrameworksBuildPhase;
			buildActionMask = 2147483647;
			files = (
			);
			runOnlyForDeploymentPostprocessing = 0;
		};
/* End PBXFrameworksBuildPhase section */

/* Begin PBXGroup section */
		AE3DFC592A3BE06F004744CB = {
			isa = PBXGroup;
			children = (
				AE3DFC642A3BE06F004744CB /* CustomTabBar */,
				AE3DFC632A3BE06F004744CB /* Products */,
			);
			sourceTree = "<group>";
		};
		AE3DFC632A3BE06F004744CB /* Products */ = {
			isa = PBXGroup;
			children = (
				AE3DFC622A3BE06F004744CB /* CustomTabBar.app */,
			);
			name = Products;
			sourceTree = "<group>";
		};
		AE3DFC642A3BE06F004744CB /* CustomTabBar */ = {
			isa = PBXGroup;
			children = (
				AE3DFC752A3BE7D3004744CB /* Views */,
				AE3DFC652A3BE06F004744CB /* CustomTabBarApp.swift */,
				AE3DFC672A3BE06F004744CB /* ContentView.swift */,
				AE3DFC692A3BE071004744CB /* Assets.xcassets */,
				AE3DFC6B2A3BE071004744CB /* Preview Content */,
			);
			path = CustomTabBar;
			sourceTree = "<group>";
		};
		AE3DFC6B2A3BE071004744CB /* Preview Content */ = {
			isa = PBXGroup;
			children = (
				AE3DFC6C2A3BE071004744CB /* Preview Assets.xcassets */,
			);
			path = "Preview Content";
			sourceTree = "<group>";
		};
		AE3DFC752A3BE7D3004744CB /* Views */ = {
			isa = PBXGroup;
			children = (
				AE3DFC7D2A3BFDE7004744CB /* Screens */,
				AE3DFC762A3BE7DB004744CB /* Home */,
			);
			path = Views;
			sourceTree = "<group>";
		};
		AE3DFC762A3BE7DB004744CB /* Home */ = {
			isa = PBXGroup;
			children = (
				AE3DFC732A3BE7CB004744CB /* HomeTopNavView.swift */,
				AE3DFC772A3BECC5004744CB /* ServicesView.swift */,
				AE3DFC792A3BF22B004744CB /* SingleCardView.swift */,
				AE3DFC7B2A3BF512004744CB /* UpComingAppointments.swift */,
			);
			path = Home;
			sourceTree = "<group>";
		};
		AE3DFC7D2A3BFDE7004744CB /* Screens */ = {
			isa = PBXGroup;
			children = (
				AE3DFC7E2A3BFDF6004744CB /* HomeScreen.swift */,
			);
			path = Screens;
			sourceTree = "<group>";
		};
/* End PBXGroup section */

/* Begin PBXNativeTarget section */
		AE3DFC612A3BE06F004744CB /* CustomTabBar */ = {
			isa = PBXNativeTarget;
			buildConfigurationList = AE3DFC702A3BE071004744CB /* Build configuration list for PBXNativeTarget "CustomTabBar" */;
			buildPhases = (
				AE3DFC5E2A3BE06F004744CB /* Sources */,
				AE3DFC5F2A3BE06F004744CB /* Frameworks */,
				AE3DFC602A3BE06F004744CB /* Resources */,
			);
			buildRules = (
			);
			dependencies = (
			);
			name = CustomTabBar;
			productName = CustomTabBar;
			productReference = AE3DFC622A3BE06F004744CB /* CustomTabBar.app */;
			productType = "com.apple.product-type.application";
		};
/* End PBXNativeTarget section */

/* Begin PBXProject section */
		AE3DFC5A2A3BE06F004744CB /* Project object */ = {
			isa = PBXProject;
			attributes = {
				BuildIndependentTargetsInParallel = 1;
				LastSwiftUpdateCheck = 1420;
				LastUpgradeCheck = 1420;
				TargetAttributes = {
					AE3DFC612A3BE06F004744CB = {
						CreatedOnToolsVersion = 14.2;
					};
				};
			};
			buildConfigurationList = AE3DFC5D2A3BE06F004744CB /* Build configuration list for PBXProject "CustomTabBar" */;
			compatibilityVersion = "Xcode 14.0";
			developmentRegion = en;
			hasScannedForEncodings = 0;
			knownRegions = (
				en,
				Base,
			);
			mainGroup = AE3DFC592A3BE06F004744CB;
			productRefGroup = AE3DFC632A3BE06F004744CB /* Products */;
			projectDirPath = "";
			projectRoot = "";
			targets = (
				AE3DFC612A3BE06F004744CB /* CustomTabBar */,
			);
		};
/* End PBXProject section */

/* Begin PBXResourcesBuildPhase section */
		AE3DFC602A3BE06F004744CB /* Resources */ = {
			isa = PBXResourcesBuildPhase;
			buildActionMask = 2147483647;
			files = (
				AE3DFC6D2A3BE071004744CB /* Preview Assets.xcassets in Resources */,
				AE3DFC6A2A3BE071004744CB /* Assets.xcassets in Resources */,
			);
			runOnlyForDeploymentPostprocessing = 0;
		};
/* End PBXResourcesBuildPhase section */

/* Begin PBXSourcesBuildPhase section */
		AE3DFC5E2A3BE06F004744CB /* Sources */ = {
			isa = PBXSourcesBuildPhase;
			buildActionMask = 2147483647;
			files = (
				AE3DFC782A3BECC5004744CB /* ServicesView.swift in Sources */,
				AE3DFC742A3BE7CB004744CB /* HomeTopNavView.swift in Sources */,
				AE3DFC7F2A3BFDF6004744CB /* HomeScreen.swift in Sources */,
				AE3DFC682A3BE06F004744CB /* ContentView.swift in Sources */,
				AE3DFC7C2A3BF512004744CB /* UpComingAppointments.swift in Sources */,
				AE3DFC7A2A3BF22B004744CB /* SingleCardView.swift in Sources */,
				AE3DFC662A3BE06F004744CB /* CustomTabBarApp.swift in Sources */,
			);
			runOnlyForDeploymentPostprocessing = 0;
		};
/* End PBXSourcesBuildPhase section */

/* Begin XCBuildConfiguration section */
		AE3DFC6E2A3BE071004744CB /* Debug */ = {
			isa = XCBuildConfiguration;
			buildSettings = {
				ALWAYS_SEARCH_USER_PATHS = NO;
				CLANG_ANALYZER_NONNULL = YES;
				CLANG_ANALYZER_NUMBER_OBJECT_CONVERSION = YES_AGGRESSIVE;
				CLANG_CXX_LANGUAGE_STANDARD = "gnu++20";
				CLANG_ENABLE_MODULES = YES;
				CLANG_ENABLE_OBJC_ARC = YES;
				CLANG_ENABLE_OBJC_WEAK = YES;
				CLANG_WARN_BLOCK_CAPTURE_AUTORELEASING = YES;
				CLANG_WARN_BOOL_CONVERSION = YES;
				CLANG_WARN_COMMA = YES;
				CLANG_WARN_CONSTANT_CONVERSION = YES;
				CLANG_WARN_DEPRECATED_OBJC_IMPLEMENTATIONS = YES;
				CLANG_WARN_DIRECT_OBJC_ISA_USAGE = YES_ERROR;
				CLANG_WARN_DOCUMENTATION_COMMENTS = YES;
				CLANG_WARN_EMPTY_BODY = YES;
				CLANG_WARN_ENUM_CONVERSION = YES;
				CLANG_WARN_INFINITE_RECURSION = YES;
				CLANG_WARN_INT_CONVERSION = YES;
				CLANG_WARN_NON_LITERAL_NULL_CONVERSION = YES;
				CLANG_WARN_OBJC_IMPLICIT_RETAIN_SELF = YES;
				CLANG_WARN_OBJC_LITERAL_CONVERSION = YES;
				CLANG_WARN_OBJC_ROOT_CLASS = YES_ERROR;
				CLANG_WARN_QUOTED_INCLUDE_IN_FRAMEWORK_HEADER = YES;
				CLANG_WARN_RANGE_LOOP_ANALYSIS = YES;
				CLANG_WARN_STRICT_PROTOTYPES = YES;
				CLANG_WARN_SUSPICIOUS_MOVE = YES;
				CLANG_WARN_UNGUARDED_AVAILABILITY = YES_AGGRESSIVE;
				CLANG_WARN_UNREACHABLE_CODE = YES;
				CLANG_WARN__DUPLICATE_METHOD_MATCH = YES;
				COPY_PHASE_STRIP = NO;
				DEBUG_INFORMATION_FORMAT = dwarf;
				ENABLE_STRICT_OBJC_MSGSEND = YES;
				ENABLE_TESTABILITY = YES;
				GCC_C_LANGUAGE_STANDARD = gnu11;
				GCC_DYNAMIC_NO_PIC = NO;
				GCC_NO_COMMON_BLOCKS = YES;
				GCC_OPTIMIZATION_LEVEL = 0;
				GCC_PREPROCESSOR_DEFINITIONS = (
					"DEBUG=1",
					"$(inherited)",
				);
				GCC_WARN_64_TO_32_BIT_CONVERSION = YES;
				GCC_WARN_ABOUT_RETURN_TYPE = YES_ERROR;
				GCC_WARN_UNDECLARED_SELECTOR = YES;
				GCC_WARN_UNINITIALIZED_AUTOS = YES_AGGRESSIVE;
				GCC_WARN_UNUSED_FUNCTION = YES;
				GCC_WARN_UNUSED_VARIABLE = YES;
				IPHONEOS_DEPLOYMENT_TARGET = 16.2;
				MTL_ENABLE_DEBUG_INFO = INCLUDE_SOURCE;
				MTL_FAST_MATH = YES;
				ONLY_ACTIVE_ARCH = YES;
				SDKROOT = iphoneos;
				SWIFT_ACTIVE_COMPILATION_CONDITIONS = DEBUG;
				SWIFT_OPTIMIZATION_LEVEL = "-Onone";
			};
			name = Debug;
		};
		AE3DFC6F2A3BE071004744CB /* Release */ = {
			isa = XCBuildConfiguration;
			buildSettings = {
				ALWAYS_SEARCH_USER_PATHS = NO;
				CLANG_ANALYZER_NONNULL = YES;
				CLANG_ANALYZER_NUMBER_OBJECT_CONVERSION = YES_AGGRESSIVE;
				CLANG_CXX_LANGUAGE_STANDARD = "gnu++20";
				CLANG_ENABLE_MODULES = YES;
				CLANG_ENABLE_OBJC_ARC = YES;
				CLANG_ENABLE_OBJC_WEAK = YES;
				CLANG_WARN_BLOCK_CAPTURE_AUTORELEASING = YES;
				CLANG_WARN_BOOL_CONVERSION = YES;
				CLANG_WARN_COMMA = YES;
				CLANG_WARN_CONSTANT_CONVERSION = YES;
				CLANG_WARN_DEPRECATED_OBJC_IMPLEMENTATIONS = YES;
				CLANG_WARN_DIRECT_OBJC_ISA_USAGE = YES_ERROR;
				CLANG_WARN_DOCUMENTATION_COMMENTS = YES;
				CLANG_WARN_EMPTY_BODY = YES;
				CLANG_WARN_ENUM_CONVERSION = YES;
				CLANG_WARN_INFINITE_RECURSION = YES;
				CLANG_WARN_INT_CONVERSION = YES;
				CLANG_WARN_NON_LITERAL_NULL_CONVERSION = YES;
				CLANG_WARN_OBJC_IMPLICIT_RETAIN_SELF = YES;
				CLANG_WARN_OBJC_LITERAL_CONVERSION = YES;
				CLANG_WARN_OBJC_ROOT_CLASS = YES_ERROR;
				CLANG_WARN_QUOTED_INCLUDE_IN_FRAMEWORK_HEADER = YES;
				CLANG_WARN_RANGE_LOOP_ANALYSIS = YES;
				CLANG_WARN_STRICT_PROTOTYPES = YES;
				CLANG_WARN_SUSPICIOUS_MOVE = YES;
				CLANG_WARN_UNGUARDED_AVAILABILITY = YES_AGGRESSIVE;
				CLANG_WARN_UNREACHABLE_CODE = YES;
				CLANG_WARN__DUPLICATE_METHOD_MATCH = YES;
				COPY_PHASE_STRIP = NO;
				DEBUG_INFORMATION_FORMAT = "dwarf-with-dsym";
				ENABLE_NS_ASSERTIONS = NO;
				ENABLE_STRICT_OBJC_MSGSEND = YES;
				GCC_C_LANGUAGE_STANDARD = gnu11;
				GCC_NO_COMMON_BLOCKS = YES;
				GCC_WARN_64_TO_32_BIT_CONVERSION = YES;
				GCC_WARN_ABOUT_RETURN_TYPE = YES_ERROR;
				GCC_WARN_UNDECLARED_SELECTOR = YES;
				GCC_WARN_UNINITIALIZED_AUTOS = YES_AGGRESSIVE;
				GCC_WARN_UNUSED_FUNCTION = YES;
				GCC_WARN_UNUSED_VARIABLE = YES;
				IPHONEOS_DEPLOYMENT_TARGET = 16.2;
				MTL_ENABLE_DEBUG_INFO = NO;
				MTL_FAST_MATH = YES;
				SDKROOT = iphoneos;
				SWIFT_COMPILATION_MODE = wholemodule;
				SWIFT_OPTIMIZATION_LEVEL = "-O";
				VALIDATE_PRODUCT = YES;
			};
			name = Release;
		};
		AE3DFC712A3BE071004744CB /* Debug */ = {
			isa = XCBuildConfiguration;
			buildSettings = {
				ASSETCATALOG_COMPILER_APPICON_NAME = AppIcon;
				ASSETCATALOG_COMPILER_GLOBAL_ACCENT_COLOR_NAME = AccentColor;
				CODE_SIGN_STYLE = Automatic;
				CURRENT_PROJECT_VERSION = 1;
				DEVELOPMENT_ASSET_PATHS = "\"CustomTabBar/Preview Content\"";
				ENABLE_PREVIEWS = YES;
				GENERATE_INFOPLIST_FILE = YES;
				INFOPLIST_KEY_UIApplicationSceneManifest_Generation = YES;
				INFOPLIST_KEY_UIApplicationSupportsIndirectInputEvents = YES;
				INFOPLIST_KEY_UILaunchScreen_Generation = YES;
				INFOPLIST_KEY_UISupportedInterfaceOrientations_iPad = "UIInterfaceOrientationPortrait UIInterfaceOrientationPortraitUpsideDown UIInterfaceOrientationLandscapeLeft UIInterfaceOrientationLandscapeRight";
				INFOPLIST_KEY_UISupportedInterfaceOrientations_iPhone = "UIInterfaceOrientationPortrait UIInterfaceOrientationLandscapeLeft UIInterfaceOrientationLandscapeRight";
				LD_RUNPATH_SEARCH_PATHS = (
					"$(inherited)",
					"@executable_path/Frameworks",
				);
				MARKETING_VERSION = 1.0;
				PRODUCT_BUNDLE_IDENTIFIER = Jagan.CustomTabBar;
				PRODUCT_NAME = "$(TARGET_NAME)";
				SWIFT_EMIT_LOC_STRINGS = YES;
				SWIFT_VERSION = 5.0;
				TARGETED_DEVICE_FAMILY = "1,2";
			};
			name = Debug;
		};
		AE3DFC722A3BE071004744CB /* Release */ = {
			isa = XCBuildConfiguration;
			buildSettings = {
				ASSETCATALOG_COMPILER_APPICON_NAME = AppIcon;
				ASSETCATALOG_COMPILER_GLOBAL_ACCENT_COLOR_NAME = AccentColor;
				CODE_SIGN_STYLE = Automatic;
				CURRENT_PROJECT_VERSION = 1;
				DEVELOPMENT_ASSET_PATHS = "\"CustomTabBar/Preview Content\"";
				ENABLE_PREVIEWS = YES;
				GENERATE_INFOPLIST_FILE = YES;
				INFOPLIST_KEY_UIApplicationSceneManifest_Generation = YES;
				INFOPLIST_KEY_UIApplicationSupportsIndirectInputEvents = YES;
				INFOPLIST_KEY_UILaunchScreen_Generation = YES;
				INFOPLIST_KEY_UISupportedInterfaceOrientations_iPad = "UIInterfaceOrientationPortrait UIInterfaceOrientationPortraitUpsideDown UIInterfaceOrientationLandscapeLeft UIInterfaceOrientationLandscapeRight";
				INFOPLIST_KEY_UISupportedInterfaceOrientations_iPhone = "UIInterfaceOrientationPortrait UIInterfaceOrientationLandscapeLeft UIInterfaceOrientationLandscapeRight";
				LD_RUNPATH_SEARCH_PATHS = (
					"$(inherited)",
					"@executable_path/Frameworks",
				);
				MARKETING_VERSION = 1.0;
				PRODUCT_BUNDLE_IDENTIFIER = Jagan.CustomTabBar;
				PRODUCT_NAME = "$(TARGET_NAME)";
				SWIFT_EMIT_LOC_STRINGS = YES;
				SWIFT_VERSION = 5.0;
				TARGETED_DEVICE_FAMILY = "1,2";
			};
			name = Release;
		};
/* End XCBuildConfiguration section */

/* Begin XCConfigurationList section */
		AE3DFC5D2A3BE06F004744CB /* Build configuration list for PBXProject "CustomTabBar" */ = {
			isa = XCConfigurationList;
			buildConfigurations = (
				AE3DFC6E2A3BE071004744CB /* Debug */,
				AE3DFC6F2A3BE071004744CB /* Release */,
			);
			defaultConfigurationIsVisible = 0;
			defaultConfigurationName = Release;
		};
		AE3DFC702A3BE071004744CB /* Build configuration list for PBXNativeTarget "CustomTabBar" */ = {
			isa = XCConfigurationList;
			buildConfigurations = (
				AE3DFC712A3BE071004744CB /* Debug */,
				AE3DFC722A3BE071004744CB /* Release */,
			);
			defaultConfigurationIsVisible = 0;
			defaultConfigurationName = Release;
		};
/* End XCConfigurationList section */
	};
	rootObject = AE3DFC5A2A3BE06F004744CB /* Project object */;
}
